
Microsoft Visual Studio Solution File, Format Version 12.00
# Visual Studio 15
VisualStudioVersion = 15.0.28010.2046
MinimumVisualStudioVersion = 10.0.40219.1
Project("{FAE04EC0-301F-11D3-BF4B-00C04F79EFBC}") = "HairUnlocker", "HairUnlocker\HairUnlocker.csproj", "{1DAE59CF-6EB9-430B-9773-11F7BBCD0A86}"
EndProject
Global
	GlobalSection(SolutionConfigurationPlatforms) = preSolution
		Debug|Any CPU = Debug|Any CPU
		InstallDebug|Any CPU = InstallDebug|Any CPU
		Release|Any CPU = Release|Any CPU
	EndGlobalSection
	GlobalSection(ProjectConfigurationPlatforms) = postSolution
		{1DAE59CF-6EB9-430B-9773-11F7BBCD0A86}.Debug|Any CPU.ActiveCfg = Debug|Any CPU
		{1DAE59CF-6EB9-430B-9773-11F7BBCD0A86}.Debug|Any CPU.Build.0 = Debug|Any CPU
		{1DAE59CF-6EB9-430B-9773-11F7BBCD0A86}.InstallDebug|Any CPU.ActiveCfg = InstallDebug|Any CPU
		{1DAE59CF-6EB9-430B-9773-11F7BBCD0A86}.InstallDebug|Any CPU.Build.0 = InstallDebug|Any CPU
		{1DAE59CF-6EB9-430B-9773-11F7BBCD0A86}.Release|Any CPU.ActiveCfg = Release|Any CPU
		{1DAE59CF-6EB9-430B-9773-11F7BBCD0A86}.Release|Any CPU.Build.0 = Release|Any CPU
	EndGlobalSection
	GlobalSection(SolutionProperties) = preSolution
		HideSolutionNode = FALSE
	EndGlobalSection
	GlobalSection(ExtensibilityGlobals) = postSolution
		SolutionGuid = {FD524940-200A-475E-9C4F-967F5A200D67}
	EndGlobalSection
EndGlobal
